
Microsoft Visual Studio Solution File, Format Version 12.00
# Visual Studio Version 17
VisualStudioVersion = 17.0.32112.339
MinimumVisualStudioVersion = 10.0.40219.1
Project("{2150E333-8FDC-42A3-9474-1A3956D46DE8}") = "src", "src", "{9CDA3DD5-BC51-482D-B744-F43EBDD7DD87}"
EndProject
Project("{2150E333-8FDC-42A3-9474-1A3956D46DE8}") = "Application", "Application", "{A6A39250-0990-476E-80CB-71D95368E48B}"
EndProject
Project("{2150E333-8FDC-42A3-9474-1A3956D46DE8}") = "Connector", "Connector", "{D2FAA497-0E6E-47A4-8E08-D5B78608AA2A}"
EndProject
Project("{2150E333-8FDC-42A3-9474-1A3956D46DE8}") = "Core", "Core", "{161C1DFF-75EA-4693-A5D2-021AF9ABD45A}"
EndProject
Project("{2150E333-8FDC-42A3-9474-1A3956D46DE8}") = "EventManager", "EventManager", "{A9AB2801-5421-4545-AE38-C2CD269A09A7}"
EndProject
Project("{2150E333-8FDC-42A3-9474-1A3956D46DE8}") = "Exchange", "Exchange", "{20933111-CCF1-4C07-87EA-BAFC9759339C}"
EndProject
Project("{2150E333-8FDC-42A3-9474-1A3956D46DE8}") = "Web", "Web", "{0B367ACD-C5C8-475F-9B35-55602D80E4C0}"
EndProject
Project("{2150E333-8FDC-42A3-9474-1A3956D46DE8}") = "Adapter", "Adapter", "{B2A3D72C-B065-4A85-81A5-29A550455CEA}"
EndProject
Project("{2150E333-8FDC-42A3-9474-1A3956D46DE8}") = "DataEventManager", "DataEventManager", "{2E1C2EA2-7116-4FD8-8507-4283BF3DCDD0}"
EndProject
Project("{2150E333-8FDC-42A3-9474-1A3956D46DE8}") = "MachineLearning", "MachineLearning", "{0D54E6EC-B891-47D6-9E39-BED7B2F98764}"
EndProject
Project("{2150E333-8FDC-42A3-9474-1A3956D46DE8}") = "OrderEventManager", "OrderEventManager", "{A5C22B18-88F3-4FEE-97CE-B616F790036C}"
EndProject
Project("{2150E333-8FDC-42A3-9474-1A3956D46DE8}") = "Strategies", "Strategies", "{E50C4998-F5F5-454D-9BC0-059EB6D66C0C}"
EndProject
Project("{2150E333-8FDC-42A3-9474-1A3956D46DE8}") = "Binance", "Binance", "{D8E999E9-AF62-45EE-92FA-D2732CE16E12}"
EndProject
Project("{2150E333-8FDC-42A3-9474-1A3956D46DE8}") = "Ftx", "Ftx", "{27B075B9-5210-4E9B-885C-C91A8E3B8CFE}"
EndProject
Project("{2150E333-8FDC-42A3-9474-1A3956D46DE8}") = "MercadoBitcoin", "MercadoBitcoin", "{9950E318-E40D-496B-9228-6A0299B200EB}"
EndProject
Project("{2150E333-8FDC-42A3-9474-1A3956D46DE8}") = "Binance", "Binance", "{228500ED-2EE8-4E7A-B967-7DD43E636FB8}"
EndProject
Project("{2150E333-8FDC-42A3-9474-1A3956D46DE8}") = "Ftx", "Ftx", "{F3BD052E-B04E-4FAB-BABF-FB5B69FA1474}"
EndProject
Project("{2150E333-8FDC-42A3-9474-1A3956D46DE8}") = "MercadoBitcoin", "MercadoBitcoin", "{45E3B36D-BFEA-4A18-B2E6-D8AA34F705EF}"
EndProject
Project("{2150E333-8FDC-42A3-9474-1A3956D46DE8}") = "Grpc", "Grpc", "{4150D287-39C5-496A-B952-98A2B2F644DD}"
EndProject
Project("{2150E333-8FDC-42A3-9474-1A3956D46DE8}") = "Socket", "Socket", "{6B07C7AD-89D9-4D37-B9C8-80EBF5262947}"
EndProject
Global
	GlobalSection(SolutionProperties) = preSolution
		HideSolutionNode = FALSE
	EndGlobalSection
	GlobalSection(NestedProjects) = preSolution
		{A6A39250-0990-476E-80CB-71D95368E48B} = {9CDA3DD5-BC51-482D-B744-F43EBDD7DD87}
		{D2FAA497-0E6E-47A4-8E08-D5B78608AA2A} = {9CDA3DD5-BC51-482D-B744-F43EBDD7DD87}
		{161C1DFF-75EA-4693-A5D2-021AF9ABD45A} = {9CDA3DD5-BC51-482D-B744-F43EBDD7DD87}
		{A9AB2801-5421-4545-AE38-C2CD269A09A7} = {9CDA3DD5-BC51-482D-B744-F43EBDD7DD87}
		{20933111-CCF1-4C07-87EA-BAFC9759339C} = {9CDA3DD5-BC51-482D-B744-F43EBDD7DD87}
		{0B367ACD-C5C8-475F-9B35-55602D80E4C0} = {9CDA3DD5-BC51-482D-B744-F43EBDD7DD87}
		{B2A3D72C-B065-4A85-81A5-29A550455CEA} = {A6A39250-0990-476E-80CB-71D95368E48B}
		{2E1C2EA2-7116-4FD8-8507-4283BF3DCDD0} = {A6A39250-0990-476E-80CB-71D95368E48B}
		{0D54E6EC-B891-47D6-9E39-BED7B2F98764} = {A6A39250-0990-476E-80CB-71D95368E48B}
		{A5C22B18-88F3-4FEE-97CE-B616F790036C} = {A6A39250-0990-476E-80CB-71D95368E48B}
		{E50C4998-F5F5-454D-9BC0-059EB6D66C0C} = {A6A39250-0990-476E-80CB-71D95368E48B}
		{D8E999E9-AF62-45EE-92FA-D2732CE16E12} = {B2A3D72C-B065-4A85-81A5-29A550455CEA}
		{27B075B9-5210-4E9B-885C-C91A8E3B8CFE} = {B2A3D72C-B065-4A85-81A5-29A550455CEA}
		{9950E318-E40D-496B-9228-6A0299B200EB} = {B2A3D72C-B065-4A85-81A5-29A550455CEA}
		{228500ED-2EE8-4E7A-B967-7DD43E636FB8} = {20933111-CCF1-4C07-87EA-BAFC9759339C}
		{F3BD052E-B04E-4FAB-BABF-FB5B69FA1474} = {20933111-CCF1-4C07-87EA-BAFC9759339C}
		{45E3B36D-BFEA-4A18-B2E6-D8AA34F705EF} = {20933111-CCF1-4C07-87EA-BAFC9759339C}
		{4150D287-39C5-496A-B952-98A2B2F644DD} = {0B367ACD-C5C8-475F-9B35-55602D80E4C0}
		{6B07C7AD-89D9-4D37-B9C8-80EBF5262947} = {0B367ACD-C5C8-475F-9B35-55602D80E4C0}
	EndGlobalSection
	GlobalSection(ExtensibilityGlobals) = postSolution
		SolutionGuid = {12C405CE-6B21-435F-9B7E-E5B4EDBBE0D4}
	EndGlobalSection
EndGlobal
