
Microsoft Visual Studio Solution File, Format Version 12.00
# Visual Studio Version 17
VisualStudioVersion = 17.0.32112.339
MinimumVisualStudioVersion = 10.0.40219.1
Project("{2150E333-8FDC-42A3-9474-1A3956D46DE8}") = "src", "src", "{9CDA3DD5-BC51-482D-B744-F43EBDD7DD87}"
EndProject
Project("{2150E333-8FDC-42A3-9474-1A3956D46DE8}") = "Application", "Application", "{A6A39250-0990-476E-80CB-71D95368E48B}"
EndProject
Project("{2150E333-8FDC-42A3-9474-1A3956D46DE8}") = "Connector", "Connector", "{D2FAA497-0E6E-47A4-8E08-D5B78608AA2A}"
EndProject
Project("{2150E333-8FDC-42A3-9474-1A3956D46DE8}") = "Core", "Core", "{161C1DFF-75EA-4693-A5D2-021AF9ABD45A}"
EndProject
Project("{2150E333-8FDC-42A3-9474-1A3956D46DE8}") = "EventManager", "EventManager", "{A9AB2801-5421-4545-AE38-C2CD269A09A7}"
EndProject
Project("{2150E333-8FDC-42A3-9474-1A3956D46DE8}") = "Exchange", "Exchange", "{20933111-CCF1-4C07-87EA-BAFC9759339C}"
EndProject
Project("{2150E333-8FDC-42A3-9474-1A3956D46DE8}") = "Web", "Web", "{0B367ACD-C5C8-475F-9B35-55602D80E4C0}"
EndProject
Project("{2150E333-8FDC-42A3-9474-1A3956D46DE8}") = "Adapter", "Adapter", "{B2A3D72C-B065-4A85-81A5-29A550455CEA}"
EndProject
Project("{2150E333-8FDC-42A3-9474-1A3956D46DE8}") = "DataEventManager", "DataEventManager", "{2E1C2EA2-7116-4FD8-8507-4283BF3DCDD0}"
EndProject
Project("{2150E333-8FDC-42A3-9474-1A3956D46DE8}") = "MachineLearning", "MachineLearning", "{0D54E6EC-B891-47D6-9E39-BED7B2F98764}"
EndProject
Project("{2150E333-8FDC-42A3-9474-1A3956D46DE8}") = "OrderEventManager", "OrderEventManager", "{A5C22B18-88F3-4FEE-97CE-B616F790036C}"
EndProject
Project("{2150E333-8FDC-42A3-9474-1A3956D46DE8}") = "Strategies", "Strategies", "{E50C4998-F5F5-454D-9BC0-059EB6D66C0C}"
EndProject
Project("{2150E333-8FDC-42A3-9474-1A3956D46DE8}") = "Binance", "Binance", "{D8E999E9-AF62-45EE-92FA-D2732CE16E12}"
EndProject
Project("{2150E333-8FDC-42A3-9474-1A3956D46DE8}") = "Ftx", "Ftx", "{27B075B9-5210-4E9B-885C-C91A8E3B8CFE}"
EndProject
Project("{2150E333-8FDC-42A3-9474-1A3956D46DE8}") = "MercadoBitcoin", "MercadoBitcoin", "{9950E318-E40D-496B-9228-6A0299B200EB}"
EndProject
Project("{2150E333-8FDC-42A3-9474-1A3956D46DE8}") = "Binance", "Binance", "{228500ED-2EE8-4E7A-B967-7DD43E636FB8}"
EndProject
Project("{2150E333-8FDC-42A3-9474-1A3956D46DE8}") = "Ftx", "Ftx", "{F3BD052E-B04E-4FAB-BABF-FB5B69FA1474}"
EndProject
Project("{2150E333-8FDC-42A3-9474-1A3956D46DE8}") = "MercadoBitcoin", "MercadoBitcoin", "{45E3B36D-BFEA-4A18-B2E6-D8AA34F705EF}"
EndProject
Project("{2150E333-8FDC-42A3-9474-1A3956D46DE8}") = "Socket", "Socket", "{6B07C7AD-89D9-4D37-B9C8-80EBF5262947}"
EndProject
Project("{9A19103F-16F7-4668-BE54-9A1E7A4F7556}") = "MarketIntelligency.Application.Adapter.Binance", "src\Application\Adapter\Binance\src\MarketIntelligency.Application.Adapter.Binance.csproj", "{99CA3ACA-E406-4773-81B4-A90CF1D0FDF5}"
EndProject
Project("{9A19103F-16F7-4668-BE54-9A1E7A4F7556}") = "MarketIntelligency.Application.Adapter.MercadoBitcoin", "src\Application\Adapter\MercadoBitcoin\src\MarketIntelligency.Application.Adapter.MercadoBitcoin.csproj", "{D66BE95D-08F4-4362-9E46-861879D24158}"
EndProject
Project("{9A19103F-16F7-4668-BE54-9A1E7A4F7556}") = "MarketIntelligency.Application.DataEventManager", "src\Application\DataEventManager\src\MarketIntelligency.Application.DataEventManager.csproj", "{762B174A-4BC9-4FF4-8D58-21F8834A0D9C}"
EndProject
Project("{888888A0-9F3D-457C-B088-3A5042F75D52}") = "MarketIntelligency.Application.MachineLearning", "src\Application\MachineLearning\src\MarketIntelligency.Application.MachineLearning.pyproj", "{E7314792-CBE9-462F-8E30-95D3EBA5E8A8}"
EndProject
Project("{9A19103F-16F7-4668-BE54-9A1E7A4F7556}") = "MarketIntelligency.Application.OrderEventManager", "src\Application\OrderEventManager\src\MarketIntelligency.Application.OrderEventManager.csproj", "{04CB010C-BBF9-4AC2-B39C-491645F2FF22}"
EndProject
Project("{9A19103F-16F7-4668-BE54-9A1E7A4F7556}") = "MarketIntelligency.Application.Strategies", "src\Application\Strategies\src\MarketIntelligency.Application.Strategies.csproj", "{EE6F47AE-95B3-4D5B-BA92-65B757E99EFA}"
EndProject
Project("{9A19103F-16F7-4668-BE54-9A1E7A4F7556}") = "MarketIntelligency.Connector", "src\Connector\src\MarketIntelligency.Connector.csproj", "{53E99B28-AFC9-424D-AC39-DFF30F2CCE67}"
EndProject
Project("{9A19103F-16F7-4668-BE54-9A1E7A4F7556}") = "MarketIntelligency.Core", "src\Core\src\MarketIntelligency.Core.csproj", "{181AF946-58DF-47FB-AD4F-DD855FBC9D45}"
EndProject
Project("{9A19103F-16F7-4668-BE54-9A1E7A4F7556}") = "MarketIntelligency.EventManager", "src\EventManager\src\MarketIntelligency.EventManager.csproj", "{83CB4E5B-4237-46FF-A0D6-5520C74325F0}"
EndProject
Project("{9A19103F-16F7-4668-BE54-9A1E7A4F7556}") = "MarketIntelligency.Exchange.Binance", "src\Exchange\Binance\src\MarketIntelligency.Exchange.Binance.csproj", "{C9C14D5A-328A-404B-AB0D-FCF4BEAAA85C}"
EndProject
Project("{9A19103F-16F7-4668-BE54-9A1E7A4F7556}") = "MarketIntelligency.Exchange.Binance.Test", "src\Exchange\Binance\test\MarketIntelligency.Exchange.Binance.Test.csproj", "{800A8F5A-3AD0-4458-884F-4EF0F0C1CA3D}"
EndProject
Project("{9A19103F-16F7-4668-BE54-9A1E7A4F7556}") = "MarketIntelligency.Exchange.Ftx", "src\Exchange\Ftx\src\MarketIntelligency.Exchange.Ftx.csproj", "{7C840CDB-7B89-45F0-AA7F-53BC89F8036C}"
EndProject
Project("{9A19103F-16F7-4668-BE54-9A1E7A4F7556}") = "MarketIntelligency.Exchange.Ftx.Test", "src\Exchange\Ftx\test\MarketIntelligency.Exchange.Ftx.Test.csproj", "{B40B82AA-3A40-4405-A1F2-FC388F86B042}"
EndProject
Project("{9A19103F-16F7-4668-BE54-9A1E7A4F7556}") = "MarketIntelligency.Exchange.MercadoBitcoin", "src\Exchange\MercadoBitcoin\src\MarketIntelligency.Exchange.MercadoBitcoin.csproj", "{4EA87134-29B0-40CA-A768-1CDB8B70B5ED}"
EndProject
Project("{9A19103F-16F7-4668-BE54-9A1E7A4F7556}") = "MarketIntelligency.Exchange.MercadoBitcoin.Test", "src\Exchange\MercadoBitcoin\test\MarketIntelligency.Exchange.MercadoBitcoin.Test.csproj", "{2A88C3F0-4D7D-4B74-B8F6-F5613B8F4ADB}"
EndProject
Project("{9A19103F-16F7-4668-BE54-9A1E7A4F7556}") = "MarketIntelligency.WebSocket", "src\Web\Socket\src\MarketIntelligency.WebSocket.csproj", "{5099F9C4-C0C9-4368-A36A-AFAF93AC3A5D}"
EndProject
Project("{9A19103F-16F7-4668-BE54-9A1E7A4F7556}") = "MarketIntelligency.WebSocket.Test", "src\Web\Socket\test\MarketIntelligency.WebSocket.Test.csproj", "{7A346AEF-03C6-4988-9C74-45CCEB622FA0}"
EndProject
Project("{2150E333-8FDC-42A3-9474-1A3956D46DE8}") = "Grpc", "Grpc", "{E838702E-D8C8-442C-8FCA-74381F01336B}"
EndProject
Project("{9A19103F-16F7-4668-BE54-9A1E7A4F7556}") = "MarketIntelligency.Web.Grpc", "src\Web\Grpc\src\MarketIntelligency.Web.Grpc.csproj", "{E3B2E38C-160F-48B4-AF36-E98693F321A4}"
EndProject
Project("{9A19103F-16F7-4668-BE54-9A1E7A4F7556}") = "MarketIntelligency.Web.Grpc.Test", "src\Web\Grpc\test\MarketIntelligency.Web.Grpc.Test.csproj", "{09A04230-B95D-42CC-9A05-3B76B43D03AF}"
EndProject
Project("{FAE04EC0-301F-11D3-BF4B-00C04F79EFBC}") = "MarketIntelligency.Application.Adapter.Ftx", "src\Application\Adapter\Ftx\src\MarketIntelligency.Application.Adapter.Ftx.csproj", "{80D04002-8587-4488-B6C5-984D5A464923}"
EndProject
Global
	GlobalSection(SolutionConfigurationPlatforms) = preSolution
		Debug|Any CPU = Debug|Any CPU
		Release|Any CPU = Release|Any CPU
	EndGlobalSection
	GlobalSection(ProjectConfigurationPlatforms) = postSolution
		{99CA3ACA-E406-4773-81B4-A90CF1D0FDF5}.Debug|Any CPU.ActiveCfg = Debug|Any CPU
		{99CA3ACA-E406-4773-81B4-A90CF1D0FDF5}.Debug|Any CPU.Build.0 = Debug|Any CPU
		{99CA3ACA-E406-4773-81B4-A90CF1D0FDF5}.Release|Any CPU.ActiveCfg = Release|Any CPU
		{99CA3ACA-E406-4773-81B4-A90CF1D0FDF5}.Release|Any CPU.Build.0 = Release|Any CPU
		{D66BE95D-08F4-4362-9E46-861879D24158}.Debug|Any CPU.ActiveCfg = Debug|Any CPU
		{D66BE95D-08F4-4362-9E46-861879D24158}.Debug|Any CPU.Build.0 = Debug|Any CPU
		{D66BE95D-08F4-4362-9E46-861879D24158}.Release|Any CPU.ActiveCfg = Release|Any CPU
		{D66BE95D-08F4-4362-9E46-861879D24158}.Release|Any CPU.Build.0 = Release|Any CPU
		{762B174A-4BC9-4FF4-8D58-21F8834A0D9C}.Debug|Any CPU.ActiveCfg = Debug|Any CPU
		{762B174A-4BC9-4FF4-8D58-21F8834A0D9C}.Debug|Any CPU.Build.0 = Debug|Any CPU
		{762B174A-4BC9-4FF4-8D58-21F8834A0D9C}.Release|Any CPU.ActiveCfg = Release|Any CPU
		{762B174A-4BC9-4FF4-8D58-21F8834A0D9C}.Release|Any CPU.Build.0 = Release|Any CPU
		{E7314792-CBE9-462F-8E30-95D3EBA5E8A8}.Debug|Any CPU.ActiveCfg = Debug|Any CPU
		{E7314792-CBE9-462F-8E30-95D3EBA5E8A8}.Release|Any CPU.ActiveCfg = Release|Any CPU
		{04CB010C-BBF9-4AC2-B39C-491645F2FF22}.Debug|Any CPU.ActiveCfg = Debug|Any CPU
		{04CB010C-BBF9-4AC2-B39C-491645F2FF22}.Debug|Any CPU.Build.0 = Debug|Any CPU
		{04CB010C-BBF9-4AC2-B39C-491645F2FF22}.Release|Any CPU.ActiveCfg = Release|Any CPU
		{04CB010C-BBF9-4AC2-B39C-491645F2FF22}.Release|Any CPU.Build.0 = Release|Any CPU
		{EE6F47AE-95B3-4D5B-BA92-65B757E99EFA}.Debug|Any CPU.ActiveCfg = Debug|Any CPU
		{EE6F47AE-95B3-4D5B-BA92-65B757E99EFA}.Debug|Any CPU.Build.0 = Debug|Any CPU
		{EE6F47AE-95B3-4D5B-BA92-65B757E99EFA}.Release|Any CPU.ActiveCfg = Release|Any CPU
		{EE6F47AE-95B3-4D5B-BA92-65B757E99EFA}.Release|Any CPU.Build.0 = Release|Any CPU
		{53E99B28-AFC9-424D-AC39-DFF30F2CCE67}.Debug|Any CPU.ActiveCfg = Debug|Any CPU
		{53E99B28-AFC9-424D-AC39-DFF30F2CCE67}.Debug|Any CPU.Build.0 = Debug|Any CPU
		{53E99B28-AFC9-424D-AC39-DFF30F2CCE67}.Release|Any CPU.ActiveCfg = Release|Any CPU
		{53E99B28-AFC9-424D-AC39-DFF30F2CCE67}.Release|Any CPU.Build.0 = Release|Any CPU
		{181AF946-58DF-47FB-AD4F-DD855FBC9D45}.Debug|Any CPU.ActiveCfg = Debug|Any CPU
		{181AF946-58DF-47FB-AD4F-DD855FBC9D45}.Debug|Any CPU.Build.0 = Debug|Any CPU
		{181AF946-58DF-47FB-AD4F-DD855FBC9D45}.Release|Any CPU.ActiveCfg = Release|Any CPU
		{181AF946-58DF-47FB-AD4F-DD855FBC9D45}.Release|Any CPU.Build.0 = Release|Any CPU
		{83CB4E5B-4237-46FF-A0D6-5520C74325F0}.Debug|Any CPU.ActiveCfg = Debug|Any CPU
		{83CB4E5B-4237-46FF-A0D6-5520C74325F0}.Debug|Any CPU.Build.0 = Debug|Any CPU
		{83CB4E5B-4237-46FF-A0D6-5520C74325F0}.Release|Any CPU.ActiveCfg = Release|Any CPU
		{83CB4E5B-4237-46FF-A0D6-5520C74325F0}.Release|Any CPU.Build.0 = Release|Any CPU
		{C9C14D5A-328A-404B-AB0D-FCF4BEAAA85C}.Debug|Any CPU.ActiveCfg = Debug|Any CPU
		{C9C14D5A-328A-404B-AB0D-FCF4BEAAA85C}.Debug|Any CPU.Build.0 = Debug|Any CPU
		{C9C14D5A-328A-404B-AB0D-FCF4BEAAA85C}.Release|Any CPU.ActiveCfg = Release|Any CPU
		{C9C14D5A-328A-404B-AB0D-FCF4BEAAA85C}.Release|Any CPU.Build.0 = Release|Any CPU
		{800A8F5A-3AD0-4458-884F-4EF0F0C1CA3D}.Debug|Any CPU.ActiveCfg = Debug|Any CPU
		{800A8F5A-3AD0-4458-884F-4EF0F0C1CA3D}.Debug|Any CPU.Build.0 = Debug|Any CPU
		{800A8F5A-3AD0-4458-884F-4EF0F0C1CA3D}.Release|Any CPU.ActiveCfg = Release|Any CPU
		{800A8F5A-3AD0-4458-884F-4EF0F0C1CA3D}.Release|Any CPU.Build.0 = Release|Any CPU
		{7C840CDB-7B89-45F0-AA7F-53BC89F8036C}.Debug|Any CPU.ActiveCfg = Debug|Any CPU
		{7C840CDB-7B89-45F0-AA7F-53BC89F8036C}.Debug|Any CPU.Build.0 = Debug|Any CPU
		{7C840CDB-7B89-45F0-AA7F-53BC89F8036C}.Release|Any CPU.ActiveCfg = Release|Any CPU
		{7C840CDB-7B89-45F0-AA7F-53BC89F8036C}.Release|Any CPU.Build.0 = Release|Any CPU
		{B40B82AA-3A40-4405-A1F2-FC388F86B042}.Debug|Any CPU.ActiveCfg = Debug|Any CPU
		{B40B82AA-3A40-4405-A1F2-FC388F86B042}.Debug|Any CPU.Build.0 = Debug|Any CPU
		{B40B82AA-3A40-4405-A1F2-FC388F86B042}.Release|Any CPU.ActiveCfg = Release|Any CPU
		{B40B82AA-3A40-4405-A1F2-FC388F86B042}.Release|Any CPU.Build.0 = Release|Any CPU
		{4EA87134-29B0-40CA-A768-1CDB8B70B5ED}.Debug|Any CPU.ActiveCfg = Debug|Any CPU
		{4EA87134-29B0-40CA-A768-1CDB8B70B5ED}.Debug|Any CPU.Build.0 = Debug|Any CPU
		{4EA87134-29B0-40CA-A768-1CDB8B70B5ED}.Release|Any CPU.ActiveCfg = Release|Any CPU
		{4EA87134-29B0-40CA-A768-1CDB8B70B5ED}.Release|Any CPU.Build.0 = Release|Any CPU
		{2A88C3F0-4D7D-4B74-B8F6-F5613B8F4ADB}.Debug|Any CPU.ActiveCfg = Debug|Any CPU
		{2A88C3F0-4D7D-4B74-B8F6-F5613B8F4ADB}.Debug|Any CPU.Build.0 = Debug|Any CPU
		{2A88C3F0-4D7D-4B74-B8F6-F5613B8F4ADB}.Release|Any CPU.ActiveCfg = Release|Any CPU
		{2A88C3F0-4D7D-4B74-B8F6-F5613B8F4ADB}.Release|Any CPU.Build.0 = Release|Any CPU
		{5099F9C4-C0C9-4368-A36A-AFAF93AC3A5D}.Debug|Any CPU.ActiveCfg = Debug|Any CPU
		{5099F9C4-C0C9-4368-A36A-AFAF93AC3A5D}.Debug|Any CPU.Build.0 = Debug|Any CPU
		{5099F9C4-C0C9-4368-A36A-AFAF93AC3A5D}.Release|Any CPU.ActiveCfg = Release|Any CPU
		{5099F9C4-C0C9-4368-A36A-AFAF93AC3A5D}.Release|Any CPU.Build.0 = Release|Any CPU
		{7A346AEF-03C6-4988-9C74-45CCEB622FA0}.Debug|Any CPU.ActiveCfg = Debug|Any CPU
		{7A346AEF-03C6-4988-9C74-45CCEB622FA0}.Debug|Any CPU.Build.0 = Debug|Any CPU
		{7A346AEF-03C6-4988-9C74-45CCEB622FA0}.Release|Any CPU.ActiveCfg = Release|Any CPU
		{7A346AEF-03C6-4988-9C74-45CCEB622FA0}.Release|Any CPU.Build.0 = Release|Any CPU
		{E3B2E38C-160F-48B4-AF36-E98693F321A4}.Debug|Any CPU.ActiveCfg = Debug|Any CPU
		{E3B2E38C-160F-48B4-AF36-E98693F321A4}.Debug|Any CPU.Build.0 = Debug|Any CPU
		{E3B2E38C-160F-48B4-AF36-E98693F321A4}.Release|Any CPU.ActiveCfg = Release|Any CPU
		{E3B2E38C-160F-48B4-AF36-E98693F321A4}.Release|Any CPU.Build.0 = Release|Any CPU
		{09A04230-B95D-42CC-9A05-3B76B43D03AF}.Debug|Any CPU.ActiveCfg = Debug|Any CPU
		{09A04230-B95D-42CC-9A05-3B76B43D03AF}.Debug|Any CPU.Build.0 = Debug|Any CPU
		{09A04230-B95D-42CC-9A05-3B76B43D03AF}.Release|Any CPU.ActiveCfg = Release|Any CPU
		{09A04230-B95D-42CC-9A05-3B76B43D03AF}.Release|Any CPU.Build.0 = Release|Any CPU
		{80D04002-8587-4488-B6C5-984D5A464923}.Debug|Any CPU.ActiveCfg = Debug|Any CPU
		{80D04002-8587-4488-B6C5-984D5A464923}.Debug|Any CPU.Build.0 = Debug|Any CPU
		{80D04002-8587-4488-B6C5-984D5A464923}.Release|Any CPU.ActiveCfg = Release|Any CPU
		{80D04002-8587-4488-B6C5-984D5A464923}.Release|Any CPU.Build.0 = Release|Any CPU
	EndGlobalSection
	GlobalSection(SolutionProperties) = preSolution
		HideSolutionNode = FALSE
	EndGlobalSection
	GlobalSection(NestedProjects) = preSolution
		{A6A39250-0990-476E-80CB-71D95368E48B} = {9CDA3DD5-BC51-482D-B744-F43EBDD7DD87}
		{D2FAA497-0E6E-47A4-8E08-D5B78608AA2A} = {9CDA3DD5-BC51-482D-B744-F43EBDD7DD87}
		{161C1DFF-75EA-4693-A5D2-021AF9ABD45A} = {9CDA3DD5-BC51-482D-B744-F43EBDD7DD87}
		{A9AB2801-5421-4545-AE38-C2CD269A09A7} = {9CDA3DD5-BC51-482D-B744-F43EBDD7DD87}
		{20933111-CCF1-4C07-87EA-BAFC9759339C} = {9CDA3DD5-BC51-482D-B744-F43EBDD7DD87}
		{0B367ACD-C5C8-475F-9B35-55602D80E4C0} = {9CDA3DD5-BC51-482D-B744-F43EBDD7DD87}
		{B2A3D72C-B065-4A85-81A5-29A550455CEA} = {A6A39250-0990-476E-80CB-71D95368E48B}
		{2E1C2EA2-7116-4FD8-8507-4283BF3DCDD0} = {A6A39250-0990-476E-80CB-71D95368E48B}
		{0D54E6EC-B891-47D6-9E39-BED7B2F98764} = {A6A39250-0990-476E-80CB-71D95368E48B}
		{A5C22B18-88F3-4FEE-97CE-B616F790036C} = {A6A39250-0990-476E-80CB-71D95368E48B}
		{E50C4998-F5F5-454D-9BC0-059EB6D66C0C} = {A6A39250-0990-476E-80CB-71D95368E48B}
		{D8E999E9-AF62-45EE-92FA-D2732CE16E12} = {B2A3D72C-B065-4A85-81A5-29A550455CEA}
		{27B075B9-5210-4E9B-885C-C91A8E3B8CFE} = {B2A3D72C-B065-4A85-81A5-29A550455CEA}
		{9950E318-E40D-496B-9228-6A0299B200EB} = {B2A3D72C-B065-4A85-81A5-29A550455CEA}
		{228500ED-2EE8-4E7A-B967-7DD43E636FB8} = {20933111-CCF1-4C07-87EA-BAFC9759339C}
		{F3BD052E-B04E-4FAB-BABF-FB5B69FA1474} = {20933111-CCF1-4C07-87EA-BAFC9759339C}
		{45E3B36D-BFEA-4A18-B2E6-D8AA34F705EF} = {20933111-CCF1-4C07-87EA-BAFC9759339C}
		{6B07C7AD-89D9-4D37-B9C8-80EBF5262947} = {0B367ACD-C5C8-475F-9B35-55602D80E4C0}
		{99CA3ACA-E406-4773-81B4-A90CF1D0FDF5} = {D8E999E9-AF62-45EE-92FA-D2732CE16E12}
		{D66BE95D-08F4-4362-9E46-861879D24158} = {9950E318-E40D-496B-9228-6A0299B200EB}
		{762B174A-4BC9-4FF4-8D58-21F8834A0D9C} = {2E1C2EA2-7116-4FD8-8507-4283BF3DCDD0}
		{E7314792-CBE9-462F-8E30-95D3EBA5E8A8} = {0D54E6EC-B891-47D6-9E39-BED7B2F98764}
		{04CB010C-BBF9-4AC2-B39C-491645F2FF22} = {A5C22B18-88F3-4FEE-97CE-B616F790036C}
		{EE6F47AE-95B3-4D5B-BA92-65B757E99EFA} = {E50C4998-F5F5-454D-9BC0-059EB6D66C0C}
		{53E99B28-AFC9-424D-AC39-DFF30F2CCE67} = {D2FAA497-0E6E-47A4-8E08-D5B78608AA2A}
		{181AF946-58DF-47FB-AD4F-DD855FBC9D45} = {161C1DFF-75EA-4693-A5D2-021AF9ABD45A}
		{83CB4E5B-4237-46FF-A0D6-5520C74325F0} = {A9AB2801-5421-4545-AE38-C2CD269A09A7}
		{C9C14D5A-328A-404B-AB0D-FCF4BEAAA85C} = {228500ED-2EE8-4E7A-B967-7DD43E636FB8}
		{800A8F5A-3AD0-4458-884F-4EF0F0C1CA3D} = {228500ED-2EE8-4E7A-B967-7DD43E636FB8}
		{7C840CDB-7B89-45F0-AA7F-53BC89F8036C} = {F3BD052E-B04E-4FAB-BABF-FB5B69FA1474}
		{B40B82AA-3A40-4405-A1F2-FC388F86B042} = {F3BD052E-B04E-4FAB-BABF-FB5B69FA1474}
		{4EA87134-29B0-40CA-A768-1CDB8B70B5ED} = {45E3B36D-BFEA-4A18-B2E6-D8AA34F705EF}
		{2A88C3F0-4D7D-4B74-B8F6-F5613B8F4ADB} = {45E3B36D-BFEA-4A18-B2E6-D8AA34F705EF}
		{5099F9C4-C0C9-4368-A36A-AFAF93AC3A5D} = {6B07C7AD-89D9-4D37-B9C8-80EBF5262947}
		{7A346AEF-03C6-4988-9C74-45CCEB622FA0} = {6B07C7AD-89D9-4D37-B9C8-80EBF5262947}
		{E838702E-D8C8-442C-8FCA-74381F01336B} = {0B367ACD-C5C8-475F-9B35-55602D80E4C0}
		{E3B2E38C-160F-48B4-AF36-E98693F321A4} = {E838702E-D8C8-442C-8FCA-74381F01336B}
		{09A04230-B95D-42CC-9A05-3B76B43D03AF} = {E838702E-D8C8-442C-8FCA-74381F01336B}
		{80D04002-8587-4488-B6C5-984D5A464923} = {27B075B9-5210-4E9B-885C-C91A8E3B8CFE}
	EndGlobalSection
	GlobalSection(ExtensibilityGlobals) = postSolution
		SolutionGuid = {12C405CE-6B21-435F-9B7E-E5B4EDBBE0D4}
	EndGlobalSection
EndGlobal
